
Microsoft Visual Studio Solution File, Format Version 12.00
# Visual Studio Version 16
VisualStudioVersion = 16.0.32106.194
MinimumVisualStudioVersion = 10.0.40219.1
Project("{8BC9CEB8-8B4A-11D0-8D11-00A0C91BC942}") = "Ball - Assignment 6 - 2", "Ball - Assignment 6 - 2.vcxproj", "{EB84D560-F8C0-4912-811B-AA337BCA617A}"
EndProject
Global
	GlobalSection(SolutionConfigurationPlatforms) = preSolution
		Debug|x64 = Debug|x64
		Debug|x86 = Debug|x86
		Release|x64 = Release|x64
		Release|x86 = Release|x86
	EndGlobalSection
	GlobalSection(ProjectConfigurationPlatforms) = postSolution
		{EB84D560-F8C0-4912-811B-AA337BCA617A}.Debug|x64.ActiveCfg = Debug|x64
		{EB84D560-F8C0-4912-811B-AA337BCA617A}.Debug|x64.Build.0 = Debug|x64
		{EB84D560-F8C0-4912-811B-AA337BCA617A}.Debug|x86.ActiveCfg = Debug|Win32
		{EB84D560-F8C0-4912-811B-AA337BCA617A}.Debug|x86.Build.0 = Debug|Win32
		{EB84D560-F8C0-4912-811B-AA337BCA617A}.Release|x64.ActiveCfg = Release|x64
		{EB84D560-F8C0-4912-811B-AA337BCA617A}.Release|x64.Build.0 = Release|x64
		{EB84D560-F8C0-4912-811B-AA337BCA617A}.Release|x86.ActiveCfg = Release|Win32
		{EB84D560-F8C0-4912-811B-AA337BCA617A}.Release|x86.Build.0 = Release|Win32
	EndGlobalSection
	GlobalSection(SolutionProperties) = preSolution
		HideSolutionNode = FALSE
	EndGlobalSection
	GlobalSection(ExtensibilityGlobals) = postSolution
		SolutionGuid = {7252AD01-E957-48B2-B13E-BA0A3C9F9573}
	EndGlobalSection
EndGlobal
